
Microsoft Visual Studio Solution File, Format Version 11.00
# Visual Studio 2010
Project("{FAE04EC0-301F-11D3-BF4B-00C04F79EFBC}") = "Proyecto_GIT_2", "Proyecto_GIT_2\Proyecto_GIT_2.csproj", "{47E5BD0A-C22E-4D93-AD0D-FFE21B5A45F8}"
EndProject
Global
	GlobalSection(SolutionConfigurationPlatforms) = preSolution
		Debug|Any CPU = Debug|Any CPU
		Release|Any CPU = Release|Any CPU
	EndGlobalSection
	GlobalSection(ProjectConfigurationPlatforms) = postSolution
		{47E5BD0A-C22E-4D93-AD0D-FFE21B5A45F8}.Debug|Any CPU.ActiveCfg = Debug|Any CPU
		{47E5BD0A-C22E-4D93-AD0D-FFE21B5A45F8}.Debug|Any CPU.Build.0 = Debug|Any CPU
		{47E5BD0A-C22E-4D93-AD0D-FFE21B5A45F8}.Release|Any CPU.ActiveCfg = Release|Any CPU
		{47E5BD0A-C22E-4D93-AD0D-FFE21B5A45F8}.Release|Any CPU.Build.0 = Release|Any CPU
	EndGlobalSection
	GlobalSection(SolutionProperties) = preSolution
		HideSolutionNode = FALSE
	EndGlobalSection
EndGlobal
